
Microsoft Visual Studio Solution File, Format Version 12.00
# Visual Studio 15
VisualStudioVersion = 15.0.28010.2019
MinimumVisualStudioVersion = 10.0.40219.1
Project("{FAE04EC0-301F-11D3-BF4B-00C04F79EFBC}") = "BilletLibrary", "BilletLibrary\BilletLibrary.csproj", "{5A107858-C6A7-4935-BFFB-F5A12643FF03}"
EndProject
Project("{FAE04EC0-301F-11D3-BF4B-00C04F79EFBC}") = "UnitTester", "UnitTester\UnitTester.csproj", "{46DF9F56-4744-4E1D-A2B4-ABD4FC176F56}"
EndProject
Global
	GlobalSection(SolutionConfigurationPlatforms) = preSolution
		Debug|Any CPU = Debug|Any CPU
		Release|Any CPU = Release|Any CPU
	EndGlobalSection
	GlobalSection(ProjectConfigurationPlatforms) = postSolution
		{5A107858-C6A7-4935-BFFB-F5A12643FF03}.Debug|Any CPU.ActiveCfg = Debug|Any CPU
		{5A107858-C6A7-4935-BFFB-F5A12643FF03}.Debug|Any CPU.Build.0 = Debug|Any CPU
		{5A107858-C6A7-4935-BFFB-F5A12643FF03}.Release|Any CPU.ActiveCfg = Release|Any CPU
		{5A107858-C6A7-4935-BFFB-F5A12643FF03}.Release|Any CPU.Build.0 = Release|Any CPU
		{46DF9F56-4744-4E1D-A2B4-ABD4FC176F56}.Debug|Any CPU.ActiveCfg = Debug|Any CPU
		{46DF9F56-4744-4E1D-A2B4-ABD4FC176F56}.Debug|Any CPU.Build.0 = Debug|Any CPU
		{46DF9F56-4744-4E1D-A2B4-ABD4FC176F56}.Release|Any CPU.ActiveCfg = Release|Any CPU
		{46DF9F56-4744-4E1D-A2B4-ABD4FC176F56}.Release|Any CPU.Build.0 = Release|Any CPU
	EndGlobalSection
	GlobalSection(SolutionProperties) = preSolution
		HideSolutionNode = FALSE
	EndGlobalSection
	GlobalSection(ExtensibilityGlobals) = postSolution
		SolutionGuid = {D207D654-39D4-453A-B45C-F3E4B17BAD92}
	EndGlobalSection
EndGlobal
